{
  "object": {
    "pins": [
      {
        "package": "TransformationsUI",
        "repositoryURL": "https://github.com/filestack/transformations-ui-ios/",
        "state": {
          "branch": null,
          "revision": "dba94ee6dce4f49a40568d9ae395f37b265c8dcd",
          "version": "1.1.2"
        }
      }
    ]
  },
  "version": 1
}
